// !$*UTF8*$!
{
	archiveVersion = 1;
	classes = {
	};
	objectVersion = 52;
	objects = {

/* Begin PBXBuildFile section */
		5B0F6FE6BE9C9E71516C90A2 /* Pods_Flix.framework in Frameworks */ = {isa = PBXBuildFile; fileRef = B2726B46DB01DA60A900A4C5 /* Pods_Flix.framework */; };
		79114AF32284793EA4F618D7 /* Pods_FlixTests.framework in Frameworks */ = {isa = PBXBuildFile; fileRef = 0A3CE629EDB74E86A262E50A /* Pods_FlixTests.framework */; };
		D764108F2759A7AB00F4E23E /* MovieDetailsViewController.swift in Sources */ = {isa = PBXBuildFile; fileRef = D764108E2759A7AB00F4E23E /* MovieDetailsViewController.swift */; };
		D76410912759B1F000F4E23E /* MovieGridViewController.swift in Sources */ = {isa = PBXBuildFile; fileRef = D76410902759B1F000F4E23E /* MovieGridViewController.swift */; };
		D76410932759B84300F4E23E /* MovieGridCell.swift in Sources */ = {isa = PBXBuildFile; fileRef = D76410922759B84300F4E23E /* MovieGridCell.swift */; };
		D77F92FC2748962000D60FAE /* AppDelegate.swift in Sources */ = {isa = PBXBuildFile; fileRef = D77F92FB2748962000D60FAE /* AppDelegate.swift */; };
		D77F92FE2748962000D60FAE /* SceneDelegate.swift in Sources */ = {isa = PBXBuildFile; fileRef = D77F92FD2748962000D60FAE /* SceneDelegate.swift */; };
		D77F93002748962000D60FAE /* ViewController.swift in Sources */ = {isa = PBXBuildFile; fileRef = D77F92FF2748962000D60FAE /* ViewController.swift */; };
		D77F93032748962000D60FAE /* Main.storyboard in Resources */ = {isa = PBXBuildFile; fileRef = D77F93012748962000D60FAE /* Main.storyboard */; };
		D77F93052748962300D60FAE /* Assets.xcassets in Resources */ = {isa = PBXBuildFile; fileRef = D77F93042748962300D60FAE /* Assets.xcassets */; };
		D77F93082748962300D60FAE /* LaunchScreen.storyboard in Resources */ = {isa = PBXBuildFile; fileRef = D77F93062748962300D60FAE /* LaunchScreen.storyboard */; };
		D77F93132748962300D60FAE /* FlixTests.swift in Sources */ = {isa = PBXBuildFile; fileRef = D77F93122748962300D60FAE /* FlixTests.swift */; };
		D77F931E2748962300D60FAE /* FlixUITests.swift in Sources */ = {isa = PBXBuildFile; fileRef = D77F931D2748962300D60FAE /* FlixUITests.swift */; };
		D77F932C2748A72C00D60FAE /* MovieCell.swift in Sources */ = {isa = PBXBuildFile; fileRef = D77F932B2748A72C00D60FAE /* MovieCell.swift */; };
		D77F932F2748BBF000D60FAE /* AlamofireImage in Frameworks */ = {isa = PBXBuildFile; productRef = D77F932E2748BBF000D60FAE /* AlamofireImage */; };
		F7419338AB1F9DF96F13CEE9 /* Pods_Flix_FlixUITests.framework in Frameworks */ = {isa = PBXBuildFile; fileRef = 9BC7D3AAFF8588E1581C9C04 /* Pods_Flix_FlixUITests.framework */; };
/* End PBXBuildFile section */

/* Begin PBXContainerItemProxy section */
		D77F930F2748962300D60FAE /* PBXContainerItemProxy */ = {
			isa = PBXContainerItemProxy;
			containerPortal = D77F92F02748962000D60FAE /* Project object */;
			proxyType = 1;
			remoteGlobalIDString = D77F92F72748962000D60FAE;
			remoteInfo = Flix;
		};
		D77F931A2748962300D60FAE /* PBXContainerItemProxy */ = {
			isa = PBXContainerItemProxy;
			containerPortal = D77F92F02748962000D60FAE /* Project object */;
			proxyType = 1;
			remoteGlobalIDString = D77F92F72748962000D60FAE;
			remoteInfo = Flix;
		};
/* End PBXContainerItemProxy section */

/* Begin PBXFileReference section */
		0A3CE629EDB74E86A262E50A /* Pods_FlixTests.framework */ = {isa = PBXFileReference; explicitFileType = wrapper.framework; includeInIndex = 0; path = Pods_FlixTests.framework; sourceTree = BUILT_PRODUCTS_DIR; };
		11E144CA21CCD62437163DDD /* Pods-Flix-FlixUITests.release.xcconfig */ = {isa = PBXFileReference; includeInIndex = 1; lastKnownFileType = text.xcconfig; name = "Pods-Flix-FlixUITests.release.xcconfig"; path = "Target Support Files/Pods-Flix-FlixUITests/Pods-Flix-FlixUITests.release.xcconfig"; sourceTree = "<group>"; };
		27748137F8717B543DD1D37B /* Pods-Flix-FlixUITests.debug.xcconfig */ = {isa = PBXFileReference; includeInIndex = 1; lastKnownFileType = text.xcconfig; name = "Pods-Flix-FlixUITests.debug.xcconfig"; path = "Target Support Files/Pods-Flix-FlixUITests/Pods-Flix-FlixUITests.debug.xcconfig"; sourceTree = "<group>"; };
		407E67CB30A320A81FAFF625 /* Pods-FlixTests.release.xcconfig */ = {isa = PBXFileReference; includeInIndex = 1; lastKnownFileType = text.xcconfig; name = "Pods-FlixTests.release.xcconfig"; path = "Target Support Files/Pods-FlixTests/Pods-FlixTests.release.xcconfig"; sourceTree = "<group>"; };
		9590538BB7BED0445A04AD8D /* Pods-Flix.release.xcconfig */ = {isa = PBXFileReference; includeInIndex = 1; lastKnownFileType = text.xcconfig; name = "Pods-Flix.release.xcconfig"; path = "Target Support Files/Pods-Flix/Pods-Flix.release.xcconfig"; sourceTree = "<group>"; };
		9BC7D3AAFF8588E1581C9C04 /* Pods_Flix_FlixUITests.framework */ = {isa = PBXFileReference; explicitFileType = wrapper.framework; includeInIndex = 0; path = Pods_Flix_FlixUITests.framework; sourceTree = BUILT_PRODUCTS_DIR; };
		9D1FAC2CBF8182BD3C8FECE7 /* Pods-Flix.debug.xcconfig */ = {isa = PBXFileReference; includeInIndex = 1; lastKnownFileType = text.xcconfig; name = "Pods-Flix.debug.xcconfig"; path = "Target Support Files/Pods-Flix/Pods-Flix.debug.xcconfig"; sourceTree = "<group>"; };
		B2726B46DB01DA60A900A4C5 /* Pods_Flix.framework */ = {isa = PBXFileReference; explicitFileType = wrapper.framework; includeInIndex = 0; path = Pods_Flix.framework; sourceTree = BUILT_PRODUCTS_DIR; };
		D764108E2759A7AB00F4E23E /* MovieDetailsViewController.swift */ = {isa = PBXFileReference; lastKnownFileType = sourcecode.swift; path = MovieDetailsViewController.swift; sourceTree = "<group>"; };
		D76410902759B1F000F4E23E /* MovieGridViewController.swift */ = {isa = PBXFileReference; lastKnownFileType = sourcecode.swift; path = MovieGridViewController.swift; sourceTree = "<group>"; };
		D76410922759B84300F4E23E /* MovieGridCell.swift */ = {isa = PBXFileReference; lastKnownFileType = sourcecode.swift; path = MovieGridCell.swift; sourceTree = "<group>"; };
		D77F92F82748962000D60FAE /* Flix.app */ = {isa = PBXFileReference; explicitFileType = wrapper.application; includeInIndex = 0; path = Flix.app; sourceTree = BUILT_PRODUCTS_DIR; };
		D77F92FB2748962000D60FAE /* AppDelegate.swift */ = {isa = PBXFileReference; lastKnownFileType = sourcecode.swift; path = AppDelegate.swift; sourceTree = "<group>"; };
		D77F92FD2748962000D60FAE /* SceneDelegate.swift */ = {isa = PBXFileReference; lastKnownFileType = sourcecode.swift; path = SceneDelegate.swift; sourceTree = "<group>"; };
		D77F92FF2748962000D60FAE /* ViewController.swift */ = {isa = PBXFileReference; lastKnownFileType = sourcecode.swift; path = ViewController.swift; sourceTree = "<group>"; };
		D77F93022748962000D60FAE /* Base */ = {isa = PBXFileReference; lastKnownFileType = file.storyboard; name = Base; path = Base.lproj/Main.storyboard; sourceTree = "<group>"; };
		D77F93042748962300D60FAE /* Assets.xcassets */ = {isa = PBXFileReference; lastKnownFileType = folder.assetcatalog; path = Assets.xcassets; sourceTree = "<group>"; };
		D77F93072748962300D60FAE /* Base */ = {isa = PBXFileReference; lastKnownFileType = file.storyboard; name = Base; path = Base.lproj/LaunchScreen.storyboard; sourceTree = "<group>"; };
		D77F93092748962300D60FAE /* Info.plist */ = {isa = PBXFileReference; lastKnownFileType = text.plist.xml; path = Info.plist; sourceTree = "<group>"; };
		D77F930E2748962300D60FAE /* FlixTests.xctest */ = {isa = PBXFileReference; explicitFileType = wrapper.cfbundle; includeInIndex = 0; path = FlixTests.xctest; sourceTree = BUILT_PRODUCTS_DIR; };
		D77F93122748962300D60FAE /* FlixTests.swift */ = {isa = PBXFileReference; lastKnownFileType = sourcecode.swift; path = FlixTests.swift; sourceTree = "<group>"; };
		D77F93142748962300D60FAE /* Info.plist */ = {isa = PBXFileReference; lastKnownFileType = text.plist.xml; path = Info.plist; sourceTree = "<group>"; };
		D77F93192748962300D60FAE /* FlixUITests.xctest */ = {isa = PBXFileReference; explicitFileType = wrapper.cfbundle; includeInIndex = 0; path = FlixUITests.xctest; sourceTree = BUILT_PRODUCTS_DIR; };
		D77F931D2748962300D60FAE /* FlixUITests.swift */ = {isa = PBXFileReference; lastKnownFileType = sourcecode.swift; path = FlixUITests.swift; sourceTree = "<group>"; };
		D77F931F2748962300D60FAE /* Info.plist */ = {isa = PBXFileReference; lastKnownFileType = text.plist.xml; path = Info.plist; sourceTree = "<group>"; };
		D77F932B2748A72C00D60FAE /* MovieCell.swift */ = {isa = PBXFileReference; lastKnownFileType = sourcecode.swift; path = MovieCell.swift; sourceTree = "<group>"; };
		EBC6F1E62B783AD65AF9FE85 /* Pods-FlixTests.debug.xcconfig */ = {isa = PBXFileReference; includeInIndex = 1; lastKnownFileType = text.xcconfig; name = "Pods-FlixTests.debug.xcconfig"; path = "Target Support Files/Pods-FlixTests/Pods-FlixTests.debug.xcconfig"; sourceTree = "<group>"; };
/* End PBXFileReference section */

/* Begin PBXFrameworksBuildPhase section */
		D77F92F52748962000D60FAE /* Frameworks */ = {
			isa = PBXFrameworksBuildPhase;
			buildActionMask = 2147483647;
			files = (
				D77F932F2748BBF000D60FAE /* AlamofireImage in Frameworks */,
				5B0F6FE6BE9C9E71516C90A2 /* Pods_Flix.framework in Frameworks */,
			);
			runOnlyForDeploymentPostprocessing = 0;
		};
		D77F930B2748962300D60FAE /* Frameworks */ = {
			isa = PBXFrameworksBuildPhase;
			buildActionMask = 2147483647;
			files = (
				79114AF32284793EA4F618D7 /* Pods_FlixTests.framework in Frameworks */,
			);
			runOnlyForDeploymentPostprocessing = 0;
		};
		D77F93162748962300D60FAE /* Frameworks */ = {
			isa = PBXFrameworksBuildPhase;
			buildActionMask = 2147483647;
			files = (
				F7419338AB1F9DF96F13CEE9 /* Pods_Flix_FlixUITests.framework in Frameworks */,
			);
			runOnlyForDeploymentPostprocessing = 0;
		};
/* End PBXFrameworksBuildPhase section */

/* Begin PBXGroup section */
		8B4E6B80041CD80BBEB2B266 /* Frameworks */ = {
			isa = PBXGroup;
			children = (
				B2726B46DB01DA60A900A4C5 /* Pods_Flix.framework */,
				9BC7D3AAFF8588E1581C9C04 /* Pods_Flix_FlixUITests.framework */,
				0A3CE629EDB74E86A262E50A /* Pods_FlixTests.framework */,
			);
			name = Frameworks;
			sourceTree = "<group>";
		};
		D77F92EF2748962000D60FAE = {
			isa = PBXGroup;
			children = (
				D77F92FA2748962000D60FAE /* Flix */,
				D77F93112748962300D60FAE /* FlixTests */,
				D77F931C2748962300D60FAE /* FlixUITests */,
				D77F92F92748962000D60FAE /* Products */,
				E0E0F93CF95DA4EDCB7AECC0 /* Pods */,
				8B4E6B80041CD80BBEB2B266 /* Frameworks */,
			);
			sourceTree = "<group>";
		};
		D77F92F92748962000D60FAE /* Products */ = {
			isa = PBXGroup;
			children = (
				D77F92F82748962000D60FAE /* Flix.app */,
				D77F930E2748962300D60FAE /* FlixTests.xctest */,
				D77F93192748962300D60FAE /* FlixUITests.xctest */,
			);
			name = Products;
			sourceTree = "<group>";
		};
		D77F92FA2748962000D60FAE /* Flix */ = {
			isa = PBXGroup;
			children = (
				D77F92FB2748962000D60FAE /* AppDelegate.swift */,
				D77F92FD2748962000D60FAE /* SceneDelegate.swift */,
				D77F92FF2748962000D60FAE /* ViewController.swift */,
				D77F93012748962000D60FAE /* Main.storyboard */,
				D77F93042748962300D60FAE /* Assets.xcassets */,
				D77F93062748962300D60FAE /* LaunchScreen.storyboard */,
				D77F93092748962300D60FAE /* Info.plist */,
				D77F932B2748A72C00D60FAE /* MovieCell.swift */,
				D764108E2759A7AB00F4E23E /* MovieDetailsViewController.swift */,
				D76410902759B1F000F4E23E /* MovieGridViewController.swift */,
				D76410922759B84300F4E23E /* MovieGridCell.swift */,
			);
			path = Flix;
			sourceTree = "<group>";
		};
		D77F93112748962300D60FAE /* FlixTests */ = {
			isa = PBXGroup;
			children = (
				D77F93122748962300D60FAE /* FlixTests.swift */,
				D77F93142748962300D60FAE /* Info.plist */,
			);
			path = FlixTests;
			sourceTree = "<group>";
		};
		D77F931C2748962300D60FAE /* FlixUITests */ = {
			isa = PBXGroup;
			children = (
				D77F931D2748962300D60FAE /* FlixUITests.swift */,
				D77F931F2748962300D60FAE /* Info.plist */,
			);
			path = FlixUITests;
			sourceTree = "<group>";
		};
		E0E0F93CF95DA4EDCB7AECC0 /* Pods */ = {
			isa = PBXGroup;
			children = (
				9D1FAC2CBF8182BD3C8FECE7 /* Pods-Flix.debug.xcconfig */,
				9590538BB7BED0445A04AD8D /* Pods-Flix.release.xcconfig */,
				27748137F8717B543DD1D37B /* Pods-Flix-FlixUITests.debug.xcconfig */,
				11E144CA21CCD62437163DDD /* Pods-Flix-FlixUITests.release.xcconfig */,
				EBC6F1E62B783AD65AF9FE85 /* Pods-FlixTests.debug.xcconfig */,
				407E67CB30A320A81FAFF625 /* Pods-FlixTests.release.xcconfig */,
			);
			path = Pods;
			sourceTree = "<group>";
		};
/* End PBXGroup section */

/* Begin PBXNativeTarget section */
		D77F92F72748962000D60FAE /* Flix */ = {
			isa = PBXNativeTarget;
			buildConfigurationList = D77F93222748962300D60FAE /* Build configuration list for PBXNativeTarget "Flix" */;
			buildPhases = (
				51218940520E5578C15C96C3 /* [CP] Check Pods Manifest.lock */,
				D77F92F42748962000D60FAE /* Sources */,
				D77F92F52748962000D60FAE /* Frameworks */,
				D77F92F62748962000D60FAE /* Resources */,
				38C71E082272CA2BBFBE252C /* [CP] Embed Pods Frameworks */,
			);
			buildRules = (
			);
			dependencies = (
			);
			name = Flix;
			packageProductDependencies = (
				D77F932E2748BBF000D60FAE /* AlamofireImage */,
			);
			productName = Flix;
			productReference = D77F92F82748962000D60FAE /* Flix.app */;
			productType = "com.apple.product-type.application";
		};
		D77F930D2748962300D60FAE /* FlixTests */ = {
			isa = PBXNativeTarget;
			buildConfigurationList = D77F93252748962300D60FAE /* Build configuration list for PBXNativeTarget "FlixTests" */;
			buildPhases = (
				6A32DE7C9D49834EE717E5FA /* [CP] Check Pods Manifest.lock */,
				D77F930A2748962300D60FAE /* Sources */,
				D77F930B2748962300D60FAE /* Frameworks */,
				D77F930C2748962300D60FAE /* Resources */,
			);
			buildRules = (
			);
			dependencies = (
				D77F93102748962300D60FAE /* PBXTargetDependency */,
			);
			name = FlixTests;
			productName = FlixTests;
			productReference = D77F930E2748962300D60FAE /* FlixTests.xctest */;
			productType = "com.apple.product-type.bundle.unit-test";
		};
		D77F93182748962300D60FAE /* FlixUITests */ = {
			isa = PBXNativeTarget;
			buildConfigurationList = D77F93282748962300D60FAE /* Build configuration list for PBXNativeTarget "FlixUITests" */;
			buildPhases = (
				69F6981EF148DF75EC46246C /* [CP] Check Pods Manifest.lock */,
				D77F93152748962300D60FAE /* Sources */,
				D77F93162748962300D60FAE /* Frameworks */,
				D77F93172748962300D60FAE /* Resources */,
				6A4D2FCF32B15EDBAD08D5C4 /* [CP] Embed Pods Frameworks */,
			);
			buildRules = (
			);
			dependencies = (
				D77F931B2748962300D60FAE /* PBXTargetDependency */,
			);
			name = FlixUITests;
			productName = FlixUITests;
			productReference = D77F93192748962300D60FAE /* FlixUITests.xctest */;
			productType = "com.apple.product-type.bundle.ui-testing";
		};
/* End PBXNativeTarget section */

/* Begin PBXProject section */
		D77F92F02748962000D60FAE /* Project object */ = {
			isa = PBXProject;
			attributes = {
				LastSwiftUpdateCheck = 1150;
				LastUpgradeCheck = 1150;
				ORGANIZATIONNAME = "Nhan Nguyen";
				TargetAttributes = {
					D77F92F72748962000D60FAE = {
						CreatedOnToolsVersion = 11.5;
					};
					D77F930D2748962300D60FAE = {
						CreatedOnToolsVersion = 11.5;
						TestTargetID = D77F92F72748962000D60FAE;
					};
					D77F93182748962300D60FAE = {
						CreatedOnToolsVersion = 11.5;
						TestTargetID = D77F92F72748962000D60FAE;
					};
				};
			};
			buildConfigurationList = D77F92F32748962000D60FAE /* Build configuration list for PBXProject "Flix" */;
			compatibilityVersion = "Xcode 9.3";
			developmentRegion = en;
			hasScannedForEncodings = 0;
			knownRegions = (
				en,
				Base,
			);
			mainGroup = D77F92EF2748962000D60FAE;
			packageReferences = (
				D77F932D2748BBF000D60FAE /* XCRemoteSwiftPackageReference "AlamofireImage" */,
			);
			productRefGroup = D77F92F92748962000D60FAE /* Products */;
			projectDirPath = "";
			projectRoot = "";
			targets = (
				D77F92F72748962000D60FAE /* Flix */,
				D77F930D2748962300D60FAE /* FlixTests */,
				D77F93182748962300D60FAE /* FlixUITests */,
			);
		};
/* End PBXProject section */

/* Begin PBXResourcesBuildPhase section */
		D77F92F62748962000D60FAE /* Resources */ = {
			isa = PBXResourcesBuildPhase;
			buildActionMask = 2147483647;
			files = (
				D77F93082748962300D60FAE /* LaunchScreen.storyboard in Resources */,
				D77F93052748962300D60FAE /* Assets.xcassets in Resources */,
				D77F93032748962000D60FAE /* Main.storyboard in Resources */,
			);
			runOnlyForDeploymentPostprocessing = 0;
		};
		D77F930C2748962300D60FAE /* Resources */ = {
			isa = PBXResourcesBuildPhase;
			buildActionMask = 2147483647;
			files = (
			);
			runOnlyForDeploymentPostprocessing = 0;
		};
		D77F93172748962300D60FAE /* Resources */ = {
			isa = PBXResourcesBuildPhase;
			buildActionMask = 2147483647;
			files = (
			);
			runOnlyForDeploymentPostprocessing = 0;
		};
/* End PBXResourcesBuildPhase section */

/* Begin PBXShellScriptBuildPhase section */
		38C71E082272CA2BBFBE252C /* [CP] Embed Pods Frameworks */ = {
			isa = PBXShellScriptBuildPhase;
			buildActionMask = 2147483647;
			files = (
			);
			inputFileListPaths = (
				"${PODS_ROOT}/Target Support Files/Pods-Flix/Pods-Flix-frameworks-${CONFIGURATION}-input-files.xcfilelist",
			);
			name = "[CP] Embed Pods Frameworks";
			outputFileListPaths = (
				"${PODS_ROOT}/Target Support Files/Pods-Flix/Pods-Flix-frameworks-${CONFIGURATION}-output-files.xcfilelist",
			);
			runOnlyForDeploymentPostprocessing = 0;
			shellPath = /bin/sh;
			shellScript = "\"${PODS_ROOT}/Target Support Files/Pods-Flix/Pods-Flix-frameworks.sh\"\n";
			showEnvVarsInLog = 0;
		};
		51218940520E5578C15C96C3 /* [CP] Check Pods Manifest.lock */ = {
			isa = PBXShellScriptBuildPhase;
			buildActionMask = 2147483647;
			files = (
			);
			inputFileListPaths = (
			);
			inputPaths = (
				"${PODS_PODFILE_DIR_PATH}/Podfile.lock",
				"${PODS_ROOT}/Manifest.lock",
			);
			name = "[CP] Check Pods Manifest.lock";
			outputFileListPaths = (
			);
			outputPaths = (
				"$(DERIVED_FILE_DIR)/Pods-Flix-checkManifestLockResult.txt",
			);
			runOnlyForDeploymentPostprocessing = 0;
			shellPath = /bin/sh;
			shellScript = "diff \"${PODS_PODFILE_DIR_PATH}/Podfile.lock\" \"${PODS_ROOT}/Manifest.lock\" > /dev/null\nif [ $? != 0 ] ; then\n    # print error to STDERR\n    echo \"error: The sandbox is not in sync with the Podfile.lock. Run 'pod install' or update your CocoaPods installation.\" >&2\n    exit 1\nfi\n# This output is used by Xcode 'outputs' to avoid re-running this script phase.\necho \"SUCCESS\" > \"${SCRIPT_OUTPUT_FILE_0}\"\n";
			showEnvVarsInLog = 0;
		};
		69F6981EF148DF75EC46246C /* [CP] Check Pods Manifest.lock */ = {
			isa = PBXShellScriptBuildPhase;
			buildActionMask = 2147483647;
			files = (
			);
			inputFileListPaths = (
			);
			inputPaths = (
				"${PODS_PODFILE_DIR_PATH}/Podfile.lock",
				"${PODS_ROOT}/Manifest.lock",
			);
			name = "[CP] Check Pods Manifest.lock";
			outputFileListPaths = (
			);
			outputPaths = (
				"$(DERIVED_FILE_DIR)/Pods-Flix-FlixUITests-checkManifestLockResult.txt",
			);
			runOnlyForDeploymentPostprocessing = 0;
			shellPath = /bin/sh;
			shellScript = "diff \"${PODS_PODFILE_DIR_PATH}/Podfile.lock\" \"${PODS_ROOT}/Manifest.lock\" > /dev/null\nif [ $? != 0 ] ; then\n    # print error to STDERR\n    echo \"error: The sandbox is not in sync with the Podfile.lock. Run 'pod install' or update your CocoaPods installation.\" >&2\n    exit 1\nfi\n# This output is used by Xcode 'outputs' to avoid re-running this script phase.\necho \"SUCCESS\" > \"${SCRIPT_OUTPUT_FILE_0}\"\n";
			showEnvVarsInLog = 0;
		};
		6A32DE7C9D49834EE717E5FA /* [CP] Check Pods Manifest.lock */ = {
			isa = PBXShellScriptBuildPhase;
			buildActionMask = 2147483647;
			files = (
			);
			inputFileListPaths = (
			);
			inputPaths = (
				"${PODS_PODFILE_DIR_PATH}/Podfile.lock",
				"${PODS_ROOT}/Manifest.lock",
			);
			name = "[CP] Check Pods Manifest.lock";
			outputFileListPaths = (
			);
			outputPaths = (
				"$(DERIVED_FILE_DIR)/Pods-FlixTests-checkManifestLockResult.txt",
			);
			runOnlyForDeploymentPostprocessing = 0;
			shellPath = /bin/sh;
			shellScript = "diff \"${PODS_PODFILE_DIR_PATH}/Podfile.lock\" \"${PODS_ROOT}/Manifest.lock\" > /dev/null\nif [ $? != 0 ] ; then\n    # print error to STDERR\n    echo \"error: The sandbox is not in sync with the Podfile.lock. Run 'pod install' or update your CocoaPods installation.\" >&2\n    exit 1\nfi\n# This output is used by Xcode 'outputs' to avoid re-running this script phase.\necho \"SUCCESS\" > \"${SCRIPT_OUTPUT_FILE_0}\"\n";
			showEnvVarsInLog = 0;
		};
		6A4D2FCF32B15EDBAD08D5C4 /* [CP] Embed Pods Frameworks */ = {
			isa = PBXShellScriptBuildPhase;
			buildActionMask = 2147483647;
			files = (
			);
			inputFileListPaths = (
				"${PODS_ROOT}/Target Support Files/Pods-Flix-FlixUITests/Pods-Flix-FlixUITests-frameworks-${CONFIGURATION}-input-files.xcfilelist",
			);
			name = "[CP] Embed Pods Frameworks";
			outputFileListPaths = (
				"${PODS_ROOT}/Target Support Files/Pods-Flix-FlixUITests/Pods-Flix-FlixUITests-frameworks-${CONFIGURATION}-output-files.xcfilelist",
			);
			runOnlyForDeploymentPostprocessing = 0;
			shellPath = /bin/sh;
			shellScript = "\"${PODS_ROOT}/Target Support Files/Pods-Flix-FlixUITests/Pods-Flix-FlixUITests-frameworks.sh\"\n";
			showEnvVarsInLog = 0;
		};
/* End PBXShellScriptBuildPhase section */

/* Begin PBXSourcesBuildPhase section */
		D77F92F42748962000D60FAE /* Sources */ = {
			isa = PBXSourcesBuildPhase;
			buildActionMask = 2147483647;
			files = (
				D764108F2759A7AB00F4E23E /* MovieDetailsViewController.swift in Sources */,
				D77F93002748962000D60FAE /* ViewController.swift in Sources */,
				D77F92FC2748962000D60FAE /* AppDelegate.swift in Sources */,
				D77F932C2748A72C00D60FAE /* MovieCell.swift in Sources */,
				D77F92FE2748962000D60FAE /* SceneDelegate.swift in Sources */,
				D76410912759B1F000F4E23E /* MovieGridViewController.swift in Sources */,
				D76410932759B84300F4E23E /* MovieGridCell.swift in Sources */,
			);
			runOnlyForDeploymentPostprocessing = 0;
		};
		D77F930A2748962300D60FAE /* Sources */ = {
			isa = PBXSourcesBuildPhase;
			buildActionMask = 2147483647;
			files = (
				D77F93132748962300D60FAE /* FlixTests.swift in Sources */,
			);
			runOnlyForDeploymentPostprocessing = 0;
		};
		D77F93152748962300D60FAE /* Sources */ = {
			isa = PBXSourcesBuildPhase;
			buildActionMask = 2147483647;
			files = (
				D77F931E2748962300D60FAE /* FlixUITests.swift in Sources */,
			);
			runOnlyForDeploymentPostprocessing = 0;
		};
/* End PBXSourcesBuildPhase section */

/* Begin PBXTargetDependency section */
		D77F93102748962300D60FAE /* PBXTargetDependency */ = {
			isa = PBXTargetDependency;
			target = D77F92F72748962000D60FAE /* Flix */;
			targetProxy = D77F930F2748962300D60FAE /* PBXContainerItemProxy */;
		};
		D77F931B2748962300D60FAE /* PBXTargetDependency */ = {
			isa = PBXTargetDependency;
			target = D77F92F72748962000D60FAE /* Flix */;
			targetProxy = D77F931A2748962300D60FAE /* PBXContainerItemProxy */;
		};
/* End PBXTargetDependency section */

/* Begin PBXVariantGroup section */
		D77F93012748962000D60FAE /* Main.storyboard */ = {
			isa = PBXVariantGroup;
			children = (
				D77F93022748962000D60FAE /* Base */,
			);
			name = Main.storyboard;
			sourceTree = "<group>";
		};
		D77F93062748962300D60FAE /* LaunchScreen.storyboard */ = {
			isa = PBXVariantGroup;
			children = (
				D77F93072748962300D60FAE /* Base */,
			);
			name = LaunchScreen.storyboard;
			sourceTree = "<group>";
		};
/* End PBXVariantGroup section */

/* Begin XCBuildConfiguration section */
		D77F93202748962300D60FAE /* Debug */ = {
			isa = XCBuildConfiguration;
			buildSettings = {
				ALWAYS_SEARCH_USER_PATHS = NO;
				CLANG_ANALYZER_NONNULL = YES;
				CLANG_ANALYZER_NUMBER_OBJECT_CONVERSION = YES_AGGRESSIVE;
				CLANG_CXX_LANGUAGE_STANDARD = "gnu++14";
				CLANG_CXX_LIBRARY = "libc++";
				CLANG_ENABLE_MODULES = YES;
				CLANG_ENABLE_OBJC_ARC = YES;
				CLANG_ENABLE_OBJC_WEAK = YES;
				CLANG_WARN_BLOCK_CAPTURE_AUTORELEASING = YES;
				CLANG_WARN_BOOL_CONVERSION = YES;
				CLANG_WARN_COMMA = YES;
				CLANG_WARN_CONSTANT_CONVERSION = YES;
				CLANG_WARN_DEPRECATED_OBJC_IMPLEMENTATIONS = YES;
				CLANG_WARN_DIRECT_OBJC_ISA_USAGE = YES_ERROR;
				CLANG_WARN_DOCUMENTATION_COMMENTS = YES;
				CLANG_WARN_EMPTY_BODY = YES;
				CLANG_WARN_ENUM_CONVERSION = YES;
				CLANG_WARN_INFINITE_RECURSION = YES;
				CLANG_WARN_INT_CONVERSION = YES;
				CLANG_WARN_NON_LITERAL_NULL_CONVERSION = YES;
				CLANG_WARN_OBJC_IMPLICIT_RETAIN_SELF = YES;
				CLANG_WARN_OBJC_LITERAL_CONVERSION = YES;
				CLANG_WARN_OBJC_ROOT_CLASS = YES_ERROR;
				CLANG_WARN_RANGE_LOOP_ANALYSIS = YES;
				CLANG_WARN_STRICT_PROTOTYPES = YES;
				CLANG_WARN_SUSPICIOUS_MOVE = YES;
				CLANG_WARN_UNGUARDED_AVAILABILITY = YES_AGGRESSIVE;
				CLANG_WARN_UNREACHABLE_CODE = YES;
				CLANG_WARN__DUPLICATE_METHOD_MATCH = YES;
				COPY_PHASE_STRIP = NO;
				DEBUG_INFORMATION_FORMAT = dwarf;
				ENABLE_STRICT_OBJC_MSGSEND = YES;
				ENABLE_TESTABILITY = YES;
				GCC_C_LANGUAGE_STANDARD = gnu11;
				GCC_DYNAMIC_NO_PIC = NO;
				GCC_NO_COMMON_BLOCKS = YES;
				GCC_OPTIMIZATION_LEVEL = 0;
				GCC_PREPROCESSOR_DEFINITIONS = (
					"DEBUG=1",
					"$(inherited)",
				);
				GCC_WARN_64_TO_32_BIT_CONVERSION = YES;
				GCC_WARN_ABOUT_RETURN_TYPE = YES_ERROR;
				GCC_WARN_UNDECLARED_SELECTOR = YES;
				GCC_WARN_UNINITIALIZED_AUTOS = YES_AGGRESSIVE;
				GCC_WARN_UNUSED_FUNCTION = YES;
				GCC_WARN_UNUSED_VARIABLE = YES;
				IPHONEOS_DEPLOYMENT_TARGET = 13.5;
				MTL_ENABLE_DEBUG_INFO = INCLUDE_SOURCE;
				MTL_FAST_MATH = YES;
				ONLY_ACTIVE_ARCH = YES;
				SDKROOT = iphoneos;
				SWIFT_ACTIVE_COMPILATION_CONDITIONS = DEBUG;
				SWIFT_OPTIMIZATION_LEVEL = "-Onone";
			};
			name = Debug;
		};
		D77F93212748962300D60FAE /* Release */ = {
			isa = XCBuildConfiguration;
			buildSettings = {
				ALWAYS_SEARCH_USER_PATHS = NO;
				CLANG_ANALYZER_NONNULL = YES;
				CLANG_ANALYZER_NUMBER_OBJECT_CONVERSION = YES_AGGRESSIVE;
				CLANG_CXX_LANGUAGE_STANDARD = "gnu++14";
				CLANG_CXX_LIBRARY = "libc++";
				CLANG_ENABLE_MODULES = YES;
				CLANG_ENABLE_OBJC_ARC = YES;
				CLANG_ENABLE_OBJC_WEAK = YES;
				CLANG_WARN_BLOCK_CAPTURE_AUTORELEASING = YES;
				CLANG_WARN_BOOL_CONVERSION = YES;
				CLANG_WARN_COMMA = YES;
				CLANG_WARN_CONSTANT_CONVERSION = YES;
				CLANG_WARN_DEPRECATED_OBJC_IMPLEMENTATIONS = YES;
				CLANG_WARN_DIRECT_OBJC_ISA_USAGE = YES_ERROR;
				CLANG_WARN_DOCUMENTATION_COMMENTS = YES;
				CLANG_WARN_EMPTY_BODY = YES;
				CLANG_WARN_ENUM_CONVERSION = YES;
				CLANG_WARN_INFINITE_RECURSION = YES;
				CLANG_WARN_INT_CONVERSION = YES;
				CLANG_WARN_NON_LITERAL_NULL_CONVERSION = YES;
				CLANG_WARN_OBJC_IMPLICIT_RETAIN_SELF = YES;
				CLANG_WARN_OBJC_LITERAL_CONVERSION = YES;
				CLANG_WARN_OBJC_ROOT_CLASS = YES_ERROR;
				CLANG_WARN_RANGE_LOOP_ANALYSIS = YES;
				CLANG_WARN_STRICT_PROTOTYPES = YES;
				CLANG_WARN_SUSPICIOUS_MOVE = YES;
				CLANG_WARN_UNGUARDED_AVAILABILITY = YES_AGGRESSIVE;
				CLANG_WARN_UNREACHABLE_CODE = YES;
				CLANG_WARN__DUPLICATE_METHOD_MATCH = YES;
				COPY_PHASE_STRIP = NO;
				DEBUG_INFORMATION_FORMAT = "dwarf-with-dsym";
				ENABLE_NS_ASSERTIONS = NO;
				ENABLE_STRICT_OBJC_MSGSEND = YES;
				GCC_C_LANGUAGE_STANDARD = gnu11;
				GCC_NO_COMMON_BLOCKS = YES;
				GCC_WARN_64_TO_32_BIT_CONVERSION = YES;
				GCC_WARN_ABOUT_RETURN_TYPE = YES_ERROR;
				GCC_WARN_UNDECLARED_SELECTOR = YES;
				GCC_WARN_UNINITIALIZED_AUTOS = YES_AGGRESSIVE;
				GCC_WARN_UNUSED_FUNCTION = YES;
				GCC_WARN_UNUSED_VARIABLE = YES;
				IPHONEOS_DEPLOYMENT_TARGET = 13.5;
				MTL_ENABLE_DEBUG_INFO = NO;
				MTL_FAST_MATH = YES;
				SDKROOT = iphoneos;
				SWIFT_COMPILATION_MODE = wholemodule;
				SWIFT_OPTIMIZATION_LEVEL = "-O";
				VALIDATE_PRODUCT = YES;
			};
			name = Release;
		};
		D77F93232748962300D60FAE /* Debug */ = {
			isa = XCBuildConfiguration;
			baseConfigurationReference = 9D1FAC2CBF8182BD3C8FECE7 /* Pods-Flix.debug.xcconfig */;
			buildSettings = {
				ASSETCATALOG_COMPILER_APPICON_NAME = AppIcon;
				CODE_SIGN_STYLE = Automatic;
				DEVELOPMENT_TEAM = 728LP4RL8W;
				INFOPLIST_FILE = Flix/Info.plist;
				LD_RUNPATH_SEARCH_PATHS = (
					"$(inherited)",
					"@executable_path/Frameworks",
				);
				PRODUCT_BUNDLE_IDENTIFIER = CodePath.Flix;
				PRODUCT_NAME = "$(TARGET_NAME)";
				SWIFT_VERSION = 5.0;
				TARGETED_DEVICE_FAMILY = "1,2";
			};
			name = Debug;
		};
		D77F93242748962300D60FAE /* Release */ = {
			isa = XCBuildConfiguration;
			baseConfigurationReference = 9590538BB7BED0445A04AD8D /* Pods-Flix.release.xcconfig */;
			buildSettings = {
				ASSETCATALOG_COMPILER_APPICON_NAME = AppIcon;
				CODE_SIGN_STYLE = Automatic;
				DEVELOPMENT_TEAM = 728LP4RL8W;
				INFOPLIST_FILE = Flix/Info.plist;
				LD_RUNPATH_SEARCH_PATHS = (
					"$(inherited)",
					"@executable_path/Frameworks",
				);
				PRODUCT_BUNDLE_IDENTIFIER = CodePath.Flix;
				PRODUCT_NAME = "$(TARGET_NAME)";
				SWIFT_VERSION = 5.0;
				TARGETED_DEVICE_FAMILY = "1,2";
			};
			name = Release;
		};
		D77F93262748962300D60FAE /* Debug */ = {
			isa = XCBuildConfiguration;
			baseConfigurationReference = EBC6F1E62B783AD65AF9FE85 /* Pods-FlixTests.debug.xcconfig */;
			buildSettings = {
				ALWAYS_EMBED_SWIFT_STANDARD_LIBRARIES = YES;
				BUNDLE_LOADER = "$(TEST_HOST)";
				CODE_SIGN_STYLE = Automatic;
				INFOPLIST_FILE = FlixTests/Info.plist;
				IPHONEOS_DEPLOYMENT_TARGET = 13.5;
				LD_RUNPATH_SEARCH_PATHS = (
					"$(inherited)",
					"@executable_path/Frameworks",
					"@loader_path/Frameworks",
				);
				PRODUCT_BUNDLE_IDENTIFIER = CodePath.FlixTests;
				PRODUCT_NAME = "$(TARGET_NAME)";
				SWIFT_VERSION = 5.0;
				TARGETED_DEVICE_FAMILY = "1,2";
				TEST_HOST = "$(BUILT_PRODUCTS_DIR)/Flix.app/Flix";
			};
			name = Debug;
		};
		D77F93272748962300D60FAE /* Release */ = {
			isa = XCBuildConfiguration;
			baseConfigurationReference = 407E67CB30A320A81FAFF625 /* Pods-FlixTests.release.xcconfig */;
			buildSettings = {
				ALWAYS_EMBED_SWIFT_STANDARD_LIBRARIES = YES;
				BUNDLE_LOADER = "$(TEST_HOST)";
				CODE_SIGN_STYLE = Automatic;
				INFOPLIST_FILE = FlixTests/Info.plist;
				IPHONEOS_DEPLOYMENT_TARGET = 13.5;
				LD_RUNPATH_SEARCH_PATHS = (
					"$(inherited)",
					"@executable_path/Frameworks",
					"@loader_path/Frameworks",
				);
				PRODUCT_BUNDLE_IDENTIFIER = CodePath.FlixTests;
				PRODUCT_NAME = "$(TARGET_NAME)";
				SWIFT_VERSION = 5.0;
				TARGETED_DEVICE_FAMILY = "1,2";
				TEST_HOST = "$(BUILT_PRODUCTS_DIR)/Flix.app/Flix";
			};
			name = Release;
		};
		D77F93292748962300D60FAE /* Debug */ = {
			isa = XCBuildConfiguration;
			baseConfigurationReference = 27748137F8717B543DD1D37B /* Pods-Flix-FlixUITests.debug.xcconfig */;
			buildSettings = {
				ALWAYS_EMBED_SWIFT_STANDARD_LIBRARIES = YES;
				CODE_SIGN_STYLE = Automatic;
				INFOPLIST_FILE = FlixUITests/Info.plist;
				LD_RUNPATH_SEARCH_PATHS = (
					"$(inherited)",
					"@executable_path/Frameworks",
					"@loader_path/Frameworks",
				);
				PRODUCT_BUNDLE_IDENTIFIER = CodePath.FlixUITests;
				PRODUCT_NAME = "$(TARGET_NAME)";
				SWIFT_VERSION = 5.0;
				TARGETED_DEVICE_FAMILY = "1,2";
				TEST_TARGET_NAME = Flix;
			};
			name = Debug;
		};
		D77F932A2748962300D60FAE /* Release */ = {
			isa = XCBuildConfiguration;
			baseConfigurationReference = 11E144CA21CCD62437163DDD /* Pods-Flix-FlixUITests.release.xcconfig */;
			buildSettings = {
				ALWAYS_EMBED_SWIFT_STANDARD_LIBRARIES = YES;
				CODE_SIGN_STYLE = Automatic;
				INFOPLIST_FILE = FlixUITests/Info.plist;
				LD_RUNPATH_SEARCH_PATHS = (
					"$(inherited)",
					"@executable_path/Frameworks",
					"@loader_path/Frameworks",
				);
				PRODUCT_BUNDLE_IDENTIFIER = CodePath.FlixUITests;
				PRODUCT_NAME = "$(TARGET_NAME)";
				SWIFT_VERSION = 5.0;
				TARGETED_DEVICE_FAMILY = "1,2";
				TEST_TARGET_NAME = Flix;
			};
			name = Release;
		};
/* End XCBuildConfiguration section */

/* Begin XCConfigurationList section */
		D77F92F32748962000D60FAE /* Build configuration list for PBXProject "Flix" */ = {
			isa = XCConfigurationList;
			buildConfigurations = (
				D77F93202748962300D60FAE /* Debug */,
				D77F93212748962300D60FAE /* Release */,
			);
			defaultConfigurationIsVisible = 0;
			defaultConfigurationName = Release;
		};
		D77F93222748962300D60FAE /* Build configuration list for PBXNativeTarget "Flix" */ = {
			isa = XCConfigurationList;
			buildConfigurations = (
				D77F93232748962300D60FAE /* Debug */,
				D77F93242748962300D60FAE /* Release */,
			);
			defaultConfigurationIsVisible = 0;
			defaultConfigurationName = Release;
		};
		D77F93252748962300D60FAE /* Build configuration list for PBXNativeTarget "FlixTests" */ = {
			isa = XCConfigurationList;
			buildConfigurations = (
				D77F93262748962300D60FAE /* Debug */,
				D77F93272748962300D60FAE /* Release */,
			);
			defaultConfigurationIsVisible = 0;
			defaultConfigurationName = Release;
		};
		D77F93282748962300D60FAE /* Build configuration list for PBXNativeTarget "FlixUITests" */ = {
			isa = XCConfigurationList;
			buildConfigurations = (
				D77F93292748962300D60FAE /* Debug */,
				D77F932A2748962300D60FAE /* Release */,
			);
			defaultConfigurationIsVisible = 0;
			defaultConfigurationName = Release;
		};
/* End XCConfigurationList section */

/* Begin XCRemoteSwiftPackageReference section */
		D77F932D2748BBF000D60FAE /* XCRemoteSwiftPackageReference "AlamofireImage" */ = {
			isa = XCRemoteSwiftPackageReference;
			repositoryURL = "https://github.com/Alamofire/AlamofireImage";
			requirement = {
				kind = upToNextMajorVersion;
				minimumVersion = 4.2.0;
			};
		};
/* End XCRemoteSwiftPackageReference section */

/* Begin XCSwiftPackageProductDependency section */
		D77F932E2748BBF000D60FAE /* AlamofireImage */ = {
			isa = XCSwiftPackageProductDependency;
			package = D77F932D2748BBF000D60FAE /* XCRemoteSwiftPackageReference "AlamofireImage" */;
			productName = AlamofireImage;
		};
/* End XCSwiftPackageProductDependency section */
	};
	rootObject = D77F92F02748962000D60FAE /* Project object */;
}
